
Microsoft Visual Studio Solution File, Format Version 12.00
# Visual Studio 15
VisualStudioVersion = 15.0.27703.2000
MinimumVisualStudioVersion = 10.0.40219.1
Project("{9A19103F-16F7-4668-BE54-9A1E7A4F7556}") = "CoreDomain", "CoreDomain\CoreDomain.csproj", "{72771C75-C320-4A7A-BEBE-F2C32682A95C}"
EndProject
Project("{FAE04EC0-301F-11D3-BF4B-00C04F79EFBC}") = "Infrastructure", "Infrastructure\Infrastructure.csproj", "{A5A05499-C8B5-41D2-A6E9-D15AD05CB997}"
EndProject
Project("{FAE04EC0-301F-11D3-BF4B-00C04F79EFBC}") = "Infrastructure.Implementation.MongoDB", "Infrastructure.Implementation.MongoDB\Infrastructure.Implementation.MongoDB.csproj", "{99D45A9D-47C8-4F07-A156-06F16EAEEE1C}"
EndProject
Project("{FAE04EC0-301F-11D3-BF4B-00C04F79EFBC}") = "API", "API\API.csproj", "{D3A2F80C-299E-463D-942C-DBA1D290F15E}"
EndProject
Global
	GlobalSection(SolutionConfigurationPlatforms) = preSolution
		Debug|Any CPU = Debug|Any CPU
		Release|Any CPU = Release|Any CPU
	EndGlobalSection
	GlobalSection(ProjectConfigurationPlatforms) = postSolution
		{72771C75-C320-4A7A-BEBE-F2C32682A95C}.Debug|Any CPU.ActiveCfg = Debug|Any CPU
		{72771C75-C320-4A7A-BEBE-F2C32682A95C}.Debug|Any CPU.Build.0 = Debug|Any CPU
		{72771C75-C320-4A7A-BEBE-F2C32682A95C}.Release|Any CPU.ActiveCfg = Release|Any CPU
		{72771C75-C320-4A7A-BEBE-F2C32682A95C}.Release|Any CPU.Build.0 = Release|Any CPU
		{A5A05499-C8B5-41D2-A6E9-D15AD05CB997}.Debug|Any CPU.ActiveCfg = Debug|Any CPU
		{A5A05499-C8B5-41D2-A6E9-D15AD05CB997}.Debug|Any CPU.Build.0 = Debug|Any CPU
		{A5A05499-C8B5-41D2-A6E9-D15AD05CB997}.Release|Any CPU.ActiveCfg = Release|Any CPU
		{A5A05499-C8B5-41D2-A6E9-D15AD05CB997}.Release|Any CPU.Build.0 = Release|Any CPU
		{99D45A9D-47C8-4F07-A156-06F16EAEEE1C}.Debug|Any CPU.ActiveCfg = Debug|Any CPU
		{99D45A9D-47C8-4F07-A156-06F16EAEEE1C}.Debug|Any CPU.Build.0 = Debug|Any CPU
		{99D45A9D-47C8-4F07-A156-06F16EAEEE1C}.Release|Any CPU.ActiveCfg = Release|Any CPU
		{99D45A9D-47C8-4F07-A156-06F16EAEEE1C}.Release|Any CPU.Build.0 = Release|Any CPU
		{D3A2F80C-299E-463D-942C-DBA1D290F15E}.Debug|Any CPU.ActiveCfg = Debug|Any CPU
		{D3A2F80C-299E-463D-942C-DBA1D290F15E}.Debug|Any CPU.Build.0 = Debug|Any CPU
		{D3A2F80C-299E-463D-942C-DBA1D290F15E}.Release|Any CPU.ActiveCfg = Release|Any CPU
		{D3A2F80C-299E-463D-942C-DBA1D290F15E}.Release|Any CPU.Build.0 = Release|Any CPU
	EndGlobalSection
	GlobalSection(SolutionProperties) = preSolution
		HideSolutionNode = FALSE
	EndGlobalSection
	GlobalSection(ExtensibilityGlobals) = postSolution
		SolutionGuid = {1636A2A6-891D-4146-B4C8-332555270B20}
	EndGlobalSection
EndGlobal
